
Microsoft Visual Studio Solution File, Format Version 12.00
# Visual Studio Version 17
VisualStudioVersion = 17.14.36908.2
MinimumVisualStudioVersion = 10.0.40219.1
Project("{FAE04EC0-301F-11D3-BF4B-00C04F79EFBC}") = "JellyfinMigrateMedia", "src\JellyfinMigrateMedia\JellyfinMigrateMedia.csproj", "{0ADD261E-36E0-498A-8553-3B902F820321}"
EndProject
Project("{FAE04EC0-301F-11D3-BF4B-00C04F79EFBC}") = "Jellyfin.Database.Implementations", "C:\Users\jkyn\OneDrive\E-mailové přílohy\Dokumenty\jellyfin\src\Jellyfin.Database\Jellyfin.Database.Implementations\Jellyfin.Database.Implementations.csproj", "{13D2BC69-AA0A-BF4A-EFE0-0AFAAD0C6F30}"
EndProject
Project("{FAE04EC0-301F-11D3-BF4B-00C04F79EFBC}") = "Jellyfin.Database.Providers.Sqlite", "C:\Users\jkyn\OneDrive\E-mailové přílohy\Dokumenty\jellyfin\src\Jellyfin.Database\Jellyfin.Database.Providers.Sqlite\Jellyfin.Database.Providers.Sqlite.csproj", "{7A106974-4F34-44CA-B87F-F7D12A4BBCA3}"
EndProject
Project("{FAE04EC0-301F-11D3-BF4B-00C04F79EFBC}") = "MediaBrowser.Common", "C:\Users\jkyn\OneDrive\E-mailové přílohy\Dokumenty\jellyfin\MediaBrowser.Common\MediaBrowser.Common.csproj", "{9142EEFA-7570-41E1-BFCC-468BB571AF2F}"
EndProject
Project("{FAE04EC0-301F-11D3-BF4B-00C04F79EFBC}") = "JellyfinMigrateMedia.Host", "src\JellyfinMigrateMedia.Host\JellyfinMigrateMedia.Host.csproj", "{F58A5178-45EF-41F9-9DCF-670C251BD101}"
EndProject
Project("{FAE04EC0-301F-11D3-BF4B-00C04F79EFBC}") = "JellyfinMigrateMedia.Infrastructure", "src\JellyfinMigrateMedia.Infrastructure\JellyfinMigrateMedia.Infrastructure.csproj", "{721760D5-46EA-4C2D-AF50-FBCD8937EFBF}"
EndProject
Project("{FAE04EC0-301F-11D3-BF4B-00C04F79EFBC}") = "Jellyfin.CodeAnalysis", "C:\Users\jkyn\OneDrive\E-mailové přílohy\Dokumenty\jellyfin\src\Jellyfin.CodeAnalysis\Jellyfin.CodeAnalysis.csproj", "{B174E99F-00C1-4705-CA4F-55788D51D7C9}"
EndProject
Project("{FAE04EC0-301F-11D3-BF4B-00C04F79EFBC}") = "Jellyfin.Data", "C:\Users\jkyn\OneDrive\E-mailové přílohy\Dokumenty\jellyfin\Jellyfin.Data\Jellyfin.Data.csproj", "{4740F306-27CE-3A6D-7CD0-D0DEC30FDD44}"
EndProject
Project("{FAE04EC0-301F-11D3-BF4B-00C04F79EFBC}") = "MediaBrowser.Model", "C:\Users\jkyn\OneDrive\E-mailové přílohy\Dokumenty\jellyfin\MediaBrowser.Model\MediaBrowser.Model.csproj", "{7EEEB4BB-F3E8-48FC-B4C5-70F0FFF8329B}"
EndProject
Project("{FAE04EC0-301F-11D3-BF4B-00C04F79EFBC}") = "Jellyfin.Extensions", "C:\Users\jkyn\OneDrive\E-mailové přílohy\Dokumenty\jellyfin\src\Jellyfin.Extensions\Jellyfin.Extensions.csproj", "{6369B065-57A6-D4D4-462A-C99564101AAA}"
EndProject
Project("{2150E333-8FDC-42A3-9474-1A3956D46DE8}") = "Solution Items", "Solution Items", "{02EA681E-C7D8-13C7-8484-4AC65E1B71E8}"
	ProjectSection(SolutionItems) = preProject
		.editorconfig = .editorconfig
		README.md = README.md
	EndProjectSection
EndProject
Global
	GlobalSection(SolutionConfigurationPlatforms) = preSolution
		Debug|Any CPU = Debug|Any CPU
		Release|Any CPU = Release|Any CPU
	EndGlobalSection
	GlobalSection(ProjectConfigurationPlatforms) = postSolution
		{0ADD261E-36E0-498A-8553-3B902F820321}.Debug|Any CPU.ActiveCfg = Debug|Any CPU
		{0ADD261E-36E0-498A-8553-3B902F820321}.Debug|Any CPU.Build.0 = Debug|Any CPU
		{0ADD261E-36E0-498A-8553-3B902F820321}.Release|Any CPU.ActiveCfg = Release|Any CPU
		{0ADD261E-36E0-498A-8553-3B902F820321}.Release|Any CPU.Build.0 = Release|Any CPU
		{13D2BC69-AA0A-BF4A-EFE0-0AFAAD0C6F30}.Debug|Any CPU.ActiveCfg = Debug|Any CPU
		{13D2BC69-AA0A-BF4A-EFE0-0AFAAD0C6F30}.Debug|Any CPU.Build.0 = Debug|Any CPU
		{13D2BC69-AA0A-BF4A-EFE0-0AFAAD0C6F30}.Release|Any CPU.ActiveCfg = Release|Any CPU
		{13D2BC69-AA0A-BF4A-EFE0-0AFAAD0C6F30}.Release|Any CPU.Build.0 = Release|Any CPU
		{7A106974-4F34-44CA-B87F-F7D12A4BBCA3}.Debug|Any CPU.ActiveCfg = Debug|Any CPU
		{7A106974-4F34-44CA-B87F-F7D12A4BBCA3}.Debug|Any CPU.Build.0 = Debug|Any CPU
		{7A106974-4F34-44CA-B87F-F7D12A4BBCA3}.Release|Any CPU.ActiveCfg = Release|Any CPU
		{7A106974-4F34-44CA-B87F-F7D12A4BBCA3}.Release|Any CPU.Build.0 = Release|Any CPU
		{9142EEFA-7570-41E1-BFCC-468BB571AF2F}.Debug|Any CPU.ActiveCfg = Debug|Any CPU
		{9142EEFA-7570-41E1-BFCC-468BB571AF2F}.Debug|Any CPU.Build.0 = Debug|Any CPU
		{9142EEFA-7570-41E1-BFCC-468BB571AF2F}.Release|Any CPU.ActiveCfg = Release|Any CPU
		{9142EEFA-7570-41E1-BFCC-468BB571AF2F}.Release|Any CPU.Build.0 = Release|Any CPU
		{F58A5178-45EF-41F9-9DCF-670C251BD101}.Debug|Any CPU.ActiveCfg = Debug|Any CPU
		{F58A5178-45EF-41F9-9DCF-670C251BD101}.Debug|Any CPU.Build.0 = Debug|Any CPU
		{F58A5178-45EF-41F9-9DCF-670C251BD101}.Release|Any CPU.ActiveCfg = Release|Any CPU
		{F58A5178-45EF-41F9-9DCF-670C251BD101}.Release|Any CPU.Build.0 = Release|Any CPU
		{721760D5-46EA-4C2D-AF50-FBCD8937EFBF}.Debug|Any CPU.ActiveCfg = Debug|Any CPU
		{721760D5-46EA-4C2D-AF50-FBCD8937EFBF}.Debug|Any CPU.Build.0 = Debug|Any CPU
		{721760D5-46EA-4C2D-AF50-FBCD8937EFBF}.Release|Any CPU.ActiveCfg = Release|Any CPU
		{721760D5-46EA-4C2D-AF50-FBCD8937EFBF}.Release|Any CPU.Build.0 = Release|Any CPU
		{B174E99F-00C1-4705-CA4F-55788D51D7C9}.Debug|Any CPU.ActiveCfg = Debug|Any CPU
		{B174E99F-00C1-4705-CA4F-55788D51D7C9}.Debug|Any CPU.Build.0 = Debug|Any CPU
		{B174E99F-00C1-4705-CA4F-55788D51D7C9}.Release|Any CPU.ActiveCfg = Release|Any CPU
		{B174E99F-00C1-4705-CA4F-55788D51D7C9}.Release|Any CPU.Build.0 = Release|Any CPU
		{4740F306-27CE-3A6D-7CD0-D0DEC30FDD44}.Debug|Any CPU.ActiveCfg = Debug|Any CPU
		{4740F306-27CE-3A6D-7CD0-D0DEC30FDD44}.Debug|Any CPU.Build.0 = Debug|Any CPU
		{4740F306-27CE-3A6D-7CD0-D0DEC30FDD44}.Release|Any CPU.ActiveCfg = Release|Any CPU
		{4740F306-27CE-3A6D-7CD0-D0DEC30FDD44}.Release|Any CPU.Build.0 = Release|Any CPU
		{7EEEB4BB-F3E8-48FC-B4C5-70F0FFF8329B}.Debug|Any CPU.ActiveCfg = Debug|Any CPU
		{7EEEB4BB-F3E8-48FC-B4C5-70F0FFF8329B}.Debug|Any CPU.Build.0 = Debug|Any CPU
		{7EEEB4BB-F3E8-48FC-B4C5-70F0FFF8329B}.Release|Any CPU.ActiveCfg = Release|Any CPU
		{7EEEB4BB-F3E8-48FC-B4C5-70F0FFF8329B}.Release|Any CPU.Build.0 = Release|Any CPU
		{6369B065-57A6-D4D4-462A-C99564101AAA}.Debug|Any CPU.ActiveCfg = Debug|Any CPU
		{6369B065-57A6-D4D4-462A-C99564101AAA}.Debug|Any CPU.Build.0 = Debug|Any CPU
		{6369B065-57A6-D4D4-462A-C99564101AAA}.Release|Any CPU.ActiveCfg = Release|Any CPU
		{6369B065-57A6-D4D4-462A-C99564101AAA}.Release|Any CPU.Build.0 = Release|Any CPU
	EndGlobalSection
	GlobalSection(SolutionProperties) = preSolution
		HideSolutionNode = FALSE
	EndGlobalSection
	GlobalSection(ExtensibilityGlobals) = postSolution
		SolutionGuid = {293D5AF7-9745-489C-82EC-E6413C46DE66}
	EndGlobalSection
EndGlobal
